{
  "name": "@neuralos/core-trustctl",
  "version": "1.0.0",
  "lockfileVersion": 3,
  "requires": true,
  "packages": {
    "": {
      "name": "@neuralos/core-trustctl",
      "version": "1.0.0",
      "devDependencies": {
        "@neon-rs/cli": "^0.2.6"
      }
    },
    "node_modules/@neon-rs/cli": {
      "version": "0.2.6",
      "resolved": "https://registry.npmjs.org/@neon-rs/cli/-/cli-0.2.6.tgz",
      "integrity": "sha512-SC8xYNOH1dTnDiB2pykFhREl74gs6TF4jr2qFp0h9fwriRSoxic/CnVN2d7ikpc3XatOK1QnwfQCCmyv31x9/A==",
      "dev": true,
      "license": "MIT",
      "bin": {
        "neon": "index.js"
      }
    }
  }
}
